schema: '2.0'
stages:
  train:
    cmd: python train.py
    deps:
    - path: data/data.csv
      hash: md5
      md5: 830dcb52985afb95a0456d3cf510de08
      size: 318769
    - path: train.py
      hash: md5
      md5: 7ca244dd62625ad6ffbb018aabdcb0fa
      size: 2138
    outs:
    - path: model/metrics.json
      hash: md5
      md5: 841945466f34349fafddd6e952fe2196
      size: 144
    - path: model/simple_dnn_model.h5
      hash: md5
      md5: ff735312b3f051ba6e71362c66a2490f
      size: 84344
    - path: model/simulated_history.json
      hash: md5
      md5: 5640d7f6e3a22c1a1a0ee41f7df977d9
      size: 428
