schema: '2.0'
stages:
  train:
    cmd: python train.py
    deps:
    - path: data/data.csv
      hash: md5
      md5: 830dcb52985afb95a0456d3cf510de08
      size: 318769
    - path: train.py
      hash: md5
      md5: d21f9dfdeb1a680baaa574d32c8be74e
      size: 2404
    outs:
    - path: model/metrics.json
      hash: md5
      md5: 4f70aceb06accd37902c52267c053ea2
      size: 143
    - path: model/simple_dnn_model.h5
      hash: md5
      md5: 62fb52ad5555257d575b0d10c08ca52c
      size: 84344
    - path: model/simulated_history.json
      hash: md5
      md5: d95022431ffbbe289551bee5139223b6
      size: 1142
