schema: '2.0'
stages:
  train:
    cmd: python train.py
    deps:
    - path: data/data.csv
      hash: md5
      md5: 830dcb52985afb95a0456d3cf510de08
      size: 318769
    - path: train.py
      hash: md5
      md5: dc65e81d4671ced0e5ae7feabb13fe26
      size: 2407
    outs:
    - path: model/metrics.json
      hash: md5
      md5: 4cff54960f459c9aacb422a78f91a6e0
      size: 141
    - path: model/simple_dnn_model.h5
      hash: md5
      md5: 206a37e51a1d27e7f92ed20e08d02f64
      size: 23920
